
Microsoft Visual Studio Solution File, Format Version 12.00
# Visual Studio Version 17
VisualStudioVersion = 17.4.33205.214
MinimumVisualStudioVersion = 10.0.40219.1
Project("{FAE04EC0-301F-11D3-BF4B-00C04F79EFBC}") = "MineSweeper", "MineSweeper\MineSweeper.csproj", "{32195D6E-0243-4F2A-A2A6-A4AB4C7FF74E}"
EndProject
Global
	GlobalSection(SolutionConfigurationPlatforms) = preSolution
		Debug|Any CPU = Debug|Any CPU
		Release|Any CPU = Release|Any CPU
	EndGlobalSection
	GlobalSection(ProjectConfigurationPlatforms) = postSolution
		{32195D6E-0243-4F2A-A2A6-A4AB4C7FF74E}.Debug|Any CPU.ActiveCfg = Debug|Any CPU
		{32195D6E-0243-4F2A-A2A6-A4AB4C7FF74E}.Debug|Any CPU.Build.0 = Debug|Any CPU
		{32195D6E-0243-4F2A-A2A6-A4AB4C7FF74E}.Release|Any CPU.ActiveCfg = Release|Any CPU
		{32195D6E-0243-4F2A-A2A6-A4AB4C7FF74E}.Release|Any CPU.Build.0 = Release|Any CPU
	EndGlobalSection
	GlobalSection(SolutionProperties) = preSolution
		HideSolutionNode = FALSE
	EndGlobalSection
	GlobalSection(ExtensibilityGlobals) = postSolution
		SolutionGuid = {FA865E00-46B9-4EFF-9643-7DC25FA63613}
	EndGlobalSection
EndGlobal
